
Microsoft Visual Studio Solution File, Format Version 12.00
# Visual Studio 14
VisualStudioVersion = 14.0.25420.1
MinimumVisualStudioVersion = 10.0.40219.1
Project("{FAE04EC0-301F-11D3-BF4B-00C04F79EFBC}") = "mapBasic3", "mapBasic3\mapBasic3.csproj", "{FE462D37-55DE-46A4-BF16-655D94FCA7C6}"
EndProject
Global
	GlobalSection(SolutionConfigurationPlatforms) = preSolution
		Debug|Any CPU = Debug|Any CPU
		Release|Any CPU = Release|Any CPU
	EndGlobalSection
	GlobalSection(ProjectConfigurationPlatforms) = postSolution
		{FE462D37-55DE-46A4-BF16-655D94FCA7C6}.Debug|Any CPU.ActiveCfg = Debug|Any CPU
		{FE462D37-55DE-46A4-BF16-655D94FCA7C6}.Debug|Any CPU.Build.0 = Debug|Any CPU
		{FE462D37-55DE-46A4-BF16-655D94FCA7C6}.Release|Any CPU.ActiveCfg = Release|Any CPU
		{FE462D37-55DE-46A4-BF16-655D94FCA7C6}.Release|Any CPU.Build.0 = Release|Any CPU
	EndGlobalSection
	GlobalSection(SolutionProperties) = preSolution
		HideSolutionNode = FALSE
	EndGlobalSection
EndGlobal
